version = 1
revision = 3
requires-python = ">=3.10"

[[package]]
name = "python-shogi"
version = "1.1.1"
source = { registry = "https://pypi.org/simple" }
sdist = { url = "https://files.pythonhosted.org/packages/75/4e/8ce69bf56ae03df008c04351cffac186b4b1b0723985ea76ea02f9a91c2b/python_shogi-1.1.1.tar.gz", hash = "sha256:c33a53ff9decba2d31f21be3ff313548552706739ee50827ea902045900aaf0b", size = 70462, upload-time = "2024-02-09T02:36:05.456Z" }
wheels = [
    { url = "https://files.pythonhosted.org/packages/63/b9/d1ed6dd2912617b7d716010b3eac7fc4bceee003260f24857ca53a9721ff/python_shogi-1.1.1-py3-none-any.whl", hash = "sha256:c626671fa7330ac1c9a4673ea6023c94a3ca9eb1d87aeb9ab2740453773dc821", size = 70788, upload-time = "2024-02-09T02:36:02.931Z" },
]

[[package]]
name = "shogi-arena-agent"
version = "0.1.0"
source = { editable = "." }
dependencies = [
    { name = "python-shogi" },
]

[package.metadata]
requires-dist = [{ name = "python-shogi", specifier = ">=1.1.1" }]
